// !$*UTF8*$!
{
	archiveVersion = 1;
	classes = {
	};
	objectVersion = 50;
	objects = {

/* Begin PBXBuildFile section */
		4576E8B42188CA0000471AB4 /* SignInViewController.swift in Sources */ = {isa = PBXBuildFile; fileRef = 4576E8B32188CA0000471AB4 /* SignInViewController.swift */; };
		4576E8B62188D57F00471AB4 /* LetUsKnowViewController.swift in Sources */ = {isa = PBXBuildFile; fileRef = 4576E8B52188D57F00471AB4 /* LetUsKnowViewController.swift */; };
		4576E8B82188D84100471AB4 /* SignUpViewController.swift in Sources */ = {isa = PBXBuildFile; fileRef = 4576E8B72188D84100471AB4 /* SignUpViewController.swift */; };
		4576E8BA2188EE6500471AB4 /* HomeTableViewController.swift in Sources */ = {isa = PBXBuildFile; fileRef = 4576E8B92188EE6500471AB4 /* HomeTableViewController.swift */; };
		4576E8BC2188EEAB00471AB4 /* JobsTableViewController.swift in Sources */ = {isa = PBXBuildFile; fileRef = 4576E8BB2188EEAB00471AB4 /* JobsTableViewController.swift */; };
		4576E8BE2188EEBD00471AB4 /* MyPostsTableViewController.swift in Sources */ = {isa = PBXBuildFile; fileRef = 4576E8BD2188EEBD00471AB4 /* MyPostsTableViewController.swift */; };
		4576E8C02188F22200471AB4 /* MyTabBarViewController.swift in Sources */ = {isa = PBXBuildFile; fileRef = 4576E8BF2188F22200471AB4 /* MyTabBarViewController.swift */; };
		4576E8C22189003700471AB4 /* Assets.xcassets in Resources */ = {isa = PBXBuildFile; fileRef = 4576E8C12189003600471AB4 /* Assets.xcassets */; };
		4576E8C421890A7C00471AB4 /* Post.swift in Sources */ = {isa = PBXBuildFile; fileRef = 4576E8C321890A7C00471AB4 /* Post.swift */; };
		F783AB0221791E5B0010F034 /* AppDelegate.swift in Sources */ = {isa = PBXBuildFile; fileRef = F783AB0121791E5B0010F034 /* AppDelegate.swift */; };
		F783AB0421791E5B0010F034 /* PostAdViewController.swift in Sources */ = {isa = PBXBuildFile; fileRef = F783AB0321791E5B0010F034 /* PostAdViewController.swift */; };
		F783AB0621791E5B0010F034 /* AccountViewController.swift in Sources */ = {isa = PBXBuildFile; fileRef = F783AB0521791E5B0010F034 /* AccountViewController.swift */; };
		F783AB0921791E5B0010F034 /* Main.storyboard in Resources */ = {isa = PBXBuildFile; fileRef = F783AB0721791E5B0010F034 /* Main.storyboard */; };
		F783AB0E21791E5C0010F034 /* LaunchScreen.storyboard in Resources */ = {isa = PBXBuildFile; fileRef = F783AB0C21791E5C0010F034 /* LaunchScreen.storyboard */; };
		F783AB1921791E5C0010F034 /* helprTests.swift in Sources */ = {isa = PBXBuildFile; fileRef = F783AB1821791E5C0010F034 /* helprTests.swift */; };
		F783AB2421791E5C0010F034 /* helprUITests.swift in Sources */ = {isa = PBXBuildFile; fileRef = F783AB2321791E5C0010F034 /* helprUITests.swift */; };
/* End PBXBuildFile section */

/* Begin PBXContainerItemProxy section */
		F783AB1521791E5C0010F034 /* PBXContainerItemProxy */ = {
			isa = PBXContainerItemProxy;
			containerPortal = F783AAF621791E5A0010F034 /* Project object */;
			proxyType = 1;
			remoteGlobalIDString = F783AAFD21791E5A0010F034;
			remoteInfo = helpr;
		};
		F783AB2021791E5C0010F034 /* PBXContainerItemProxy */ = {
			isa = PBXContainerItemProxy;
			containerPortal = F783AAF621791E5A0010F034 /* Project object */;
			proxyType = 1;
			remoteGlobalIDString = F783AAFD21791E5A0010F034;
			remoteInfo = helpr;
		};
/* End PBXContainerItemProxy section */

/* Begin PBXFileReference section */
		4576E8B32188CA0000471AB4 /* SignInViewController.swift */ = {isa = PBXFileReference; lastKnownFileType = sourcecode.swift; path = SignInViewController.swift; sourceTree = "<group>"; };
		4576E8B52188D57F00471AB4 /* LetUsKnowViewController.swift */ = {isa = PBXFileReference; lastKnownFileType = sourcecode.swift; path = LetUsKnowViewController.swift; sourceTree = "<group>"; };
		4576E8B72188D84100471AB4 /* SignUpViewController.swift */ = {isa = PBXFileReference; lastKnownFileType = sourcecode.swift; path = SignUpViewController.swift; sourceTree = "<group>"; };
		4576E8B92188EE6500471AB4 /* HomeTableViewController.swift */ = {isa = PBXFileReference; lastKnownFileType = sourcecode.swift; path = HomeTableViewController.swift; sourceTree = "<group>"; };
		4576E8BB2188EEAB00471AB4 /* JobsTableViewController.swift */ = {isa = PBXFileReference; lastKnownFileType = sourcecode.swift; path = JobsTableViewController.swift; sourceTree = "<group>"; };
		4576E8BD2188EEBD00471AB4 /* MyPostsTableViewController.swift */ = {isa = PBXFileReference; lastKnownFileType = sourcecode.swift; path = MyPostsTableViewController.swift; sourceTree = "<group>"; };
		4576E8BF2188F22200471AB4 /* MyTabBarViewController.swift */ = {isa = PBXFileReference; lastKnownFileType = sourcecode.swift; path = MyTabBarViewController.swift; sourceTree = "<group>"; };
		4576E8C12189003600471AB4 /* Assets.xcassets */ = {isa = PBXFileReference; lastKnownFileType = folder.assetcatalog; path = Assets.xcassets; sourceTree = "<group>"; };
		4576E8C321890A7C00471AB4 /* Post.swift */ = {isa = PBXFileReference; lastKnownFileType = sourcecode.swift; path = Post.swift; sourceTree = "<group>"; };
		F783AAFE21791E5B0010F034 /* helpr.app */ = {isa = PBXFileReference; explicitFileType = wrapper.application; includeInIndex = 0; path = helpr.app; sourceTree = BUILT_PRODUCTS_DIR; };
		F783AB0121791E5B0010F034 /* AppDelegate.swift */ = {isa = PBXFileReference; lastKnownFileType = sourcecode.swift; path = AppDelegate.swift; sourceTree = "<group>"; };
		F783AB0321791E5B0010F034 /* PostAdViewController.swift */ = {isa = PBXFileReference; lastKnownFileType = sourcecode.swift; path = PostAdViewController.swift; sourceTree = "<group>"; };
		F783AB0521791E5B0010F034 /* AccountViewController.swift */ = {isa = PBXFileReference; lastKnownFileType = sourcecode.swift; path = AccountViewController.swift; sourceTree = "<group>"; };
		F783AB0821791E5B0010F034 /* Base */ = {isa = PBXFileReference; lastKnownFileType = file.storyboard; name = Base; path = Base.lproj/Main.storyboard; sourceTree = "<group>"; };
		F783AB0D21791E5C0010F034 /* Base */ = {isa = PBXFileReference; lastKnownFileType = file.storyboard; name = Base; path = Base.lproj/LaunchScreen.storyboard; sourceTree = "<group>"; };
		F783AB0F21791E5C0010F034 /* Info.plist */ = {isa = PBXFileReference; lastKnownFileType = text.plist.xml; path = Info.plist; sourceTree = "<group>"; };
		F783AB1421791E5C0010F034 /* helprTests.xctest */ = {isa = PBXFileReference; explicitFileType = wrapper.cfbundle; includeInIndex = 0; path = helprTests.xctest; sourceTree = BUILT_PRODUCTS_DIR; };
		F783AB1821791E5C0010F034 /* helprTests.swift */ = {isa = PBXFileReference; lastKnownFileType = sourcecode.swift; path = helprTests.swift; sourceTree = "<group>"; };
		F783AB1A21791E5C0010F034 /* Info.plist */ = {isa = PBXFileReference; lastKnownFileType = text.plist.xml; path = Info.plist; sourceTree = "<group>"; };
		F783AB1F21791E5C0010F034 /* helprUITests.xctest */ = {isa = PBXFileReference; explicitFileType = wrapper.cfbundle; includeInIndex = 0; path = helprUITests.xctest; sourceTree = BUILT_PRODUCTS_DIR; };
		F783AB2321791E5C0010F034 /* helprUITests.swift */ = {isa = PBXFileReference; lastKnownFileType = sourcecode.swift; path = helprUITests.swift; sourceTree = "<group>"; };
		F783AB2521791E5C0010F034 /* Info.plist */ = {isa = PBXFileReference; lastKnownFileType = text.plist.xml; path = Info.plist; sourceTree = "<group>"; };
/* End PBXFileReference section */

/* Begin PBXFrameworksBuildPhase section */
		F783AAFB21791E5A0010F034 /* Frameworks */ = {
			isa = PBXFrameworksBuildPhase;
			buildActionMask = 2147483647;
			files = (
			);
			runOnlyForDeploymentPostprocessing = 0;
		};
		F783AB1121791E5C0010F034 /* Frameworks */ = {
			isa = PBXFrameworksBuildPhase;
			buildActionMask = 2147483647;
			files = (
			);
			runOnlyForDeploymentPostprocessing = 0;
		};
		F783AB1C21791E5C0010F034 /* Frameworks */ = {
			isa = PBXFrameworksBuildPhase;
			buildActionMask = 2147483647;
			files = (
			);
			runOnlyForDeploymentPostprocessing = 0;
		};
/* End PBXFrameworksBuildPhase section */

/* Begin PBXGroup section */
		F783AAF521791E5A0010F034 = {
			isa = PBXGroup;
			children = (
				F783AB0021791E5B0010F034 /* helpr */,
				F783AB1721791E5C0010F034 /* helprTests */,
				F783AB2221791E5C0010F034 /* helprUITests */,
				F783AAFF21791E5B0010F034 /* Products */,
			);
			sourceTree = "<group>";
		};
		F783AAFF21791E5B0010F034 /* Products */ = {
			isa = PBXGroup;
			children = (
				F783AAFE21791E5B0010F034 /* helpr.app */,
				F783AB1421791E5C0010F034 /* helprTests.xctest */,
				F783AB1F21791E5C0010F034 /* helprUITests.xctest */,
			);
			name = Products;
			sourceTree = "<group>";
		};
		F783AB0021791E5B0010F034 /* helpr */ = {
			isa = PBXGroup;
			children = (
				4576E8C12189003600471AB4 /* Assets.xcassets */,
				F783AB0121791E5B0010F034 /* AppDelegate.swift */,
				4576E8B92188EE6500471AB4 /* HomeTableViewController.swift */,
				4576E8BB2188EEAB00471AB4 /* JobsTableViewController.swift */,
				4576E8BD2188EEBD00471AB4 /* MyPostsTableViewController.swift */,
				F783AB0321791E5B0010F034 /* PostAdViewController.swift */,
				F783AB0521791E5B0010F034 /* AccountViewController.swift */,
				4576E8B52188D57F00471AB4 /* LetUsKnowViewController.swift */,
				4576E8B32188CA0000471AB4 /* SignInViewController.swift */,
				4576E8B72188D84100471AB4 /* SignUpViewController.swift */,
				F783AB0721791E5B0010F034 /* Main.storyboard */,
				4576E8BF2188F22200471AB4 /* MyTabBarViewController.swift */,
				F783AB0C21791E5C0010F034 /* LaunchScreen.storyboard */,
				F783AB0F21791E5C0010F034 /* Info.plist */,
				4576E8C321890A7C00471AB4 /* Post.swift */,
			);
			path = helpr;
			sourceTree = "<group>";
		};
		F783AB1721791E5C0010F034 /* helprTests */ = {
			isa = PBXGroup;
			children = (
				F783AB1821791E5C0010F034 /* helprTests.swift */,
				F783AB1A21791E5C0010F034 /* Info.plist */,
			);
			path = helprTests;
			sourceTree = "<group>";
		};
		F783AB2221791E5C0010F034 /* helprUITests */ = {
			isa = PBXGroup;
			children = (
				F783AB2321791E5C0010F034 /* helprUITests.swift */,
				F783AB2521791E5C0010F034 /* Info.plist */,
			);
			path = helprUITests;
			sourceTree = "<group>";
		};
/* End PBXGroup section */

/* Begin PBXNativeTarget section */
		F783AAFD21791E5A0010F034 /* helpr */ = {
			isa = PBXNativeTarget;
			buildConfigurationList = F783AB2821791E5C0010F034 /* Build configuration list for PBXNativeTarget "helpr" */;
			buildPhases = (
				F783AAFA21791E5A0010F034 /* Sources */,
				F783AAFB21791E5A0010F034 /* Frameworks */,
				F783AAFC21791E5A0010F034 /* Resources */,
			);
			buildRules = (
			);
			dependencies = (
			);
			name = helpr;
			productName = helpr;
			productReference = F783AAFE21791E5B0010F034 /* helpr.app */;
			productType = "com.apple.product-type.application";
		};
		F783AB1321791E5C0010F034 /* helprTests */ = {
			isa = PBXNativeTarget;
			buildConfigurationList = F783AB2B21791E5C0010F034 /* Build configuration list for PBXNativeTarget "helprTests" */;
			buildPhases = (
				F783AB1021791E5C0010F034 /* Sources */,
				F783AB1121791E5C0010F034 /* Frameworks */,
				F783AB1221791E5C0010F034 /* Resources */,
			);
			buildRules = (
			);
			dependencies = (
				F783AB1621791E5C0010F034 /* PBXTargetDependency */,
			);
			name = helprTests;
			productName = helprTests;
			productReference = F783AB1421791E5C0010F034 /* helprTests.xctest */;
			productType = "com.apple.product-type.bundle.unit-test";
		};
		F783AB1E21791E5C0010F034 /* helprUITests */ = {
			isa = PBXNativeTarget;
			buildConfigurationList = F783AB2E21791E5C0010F034 /* Build configuration list for PBXNativeTarget "helprUITests" */;
			buildPhases = (
				F783AB1B21791E5C0010F034 /* Sources */,
				F783AB1C21791E5C0010F034 /* Frameworks */,
				F783AB1D21791E5C0010F034 /* Resources */,
			);
			buildRules = (
			);
			dependencies = (
				F783AB2121791E5C0010F034 /* PBXTargetDependency */,
			);
			name = helprUITests;
			productName = helprUITests;
			productReference = F783AB1F21791E5C0010F034 /* helprUITests.xctest */;
			productType = "com.apple.product-type.bundle.ui-testing";
		};
/* End PBXNativeTarget section */

/* Begin PBXProject section */
		F783AAF621791E5A0010F034 /* Project object */ = {
			isa = PBXProject;
			attributes = {
				LastSwiftUpdateCheck = 1000;
				LastUpgradeCheck = 1000;
				ORGANIZATIONNAME = ryan.konynenbelt;
				TargetAttributes = {
					F783AAFD21791E5A0010F034 = {
						CreatedOnToolsVersion = 10.0;
					};
					F783AB1321791E5C0010F034 = {
						CreatedOnToolsVersion = 10.0;
						TestTargetID = F783AAFD21791E5A0010F034;
					};
					F783AB1E21791E5C0010F034 = {
						CreatedOnToolsVersion = 10.0;
						TestTargetID = F783AAFD21791E5A0010F034;
					};
				};
			};
			buildConfigurationList = F783AAF921791E5A0010F034 /* Build configuration list for PBXProject "helpr" */;
			compatibilityVersion = "Xcode 9.3";
			developmentRegion = en;
			hasScannedForEncodings = 0;
			knownRegions = (
				en,
				Base,
			);
			mainGroup = F783AAF521791E5A0010F034;
			productRefGroup = F783AAFF21791E5B0010F034 /* Products */;
			projectDirPath = "";
			projectRoot = "";
			targets = (
				F783AAFD21791E5A0010F034 /* helpr */,
				F783AB1321791E5C0010F034 /* helprTests */,
				F783AB1E21791E5C0010F034 /* helprUITests */,
			);
		};
/* End PBXProject section */

/* Begin PBXResourcesBuildPhase section */
		F783AAFC21791E5A0010F034 /* Resources */ = {
			isa = PBXResourcesBuildPhase;
			buildActionMask = 2147483647;
			files = (
				F783AB0E21791E5C0010F034 /* LaunchScreen.storyboard in Resources */,
				4576E8C22189003700471AB4 /* Assets.xcassets in Resources */,
				F783AB0921791E5B0010F034 /* Main.storyboard in Resources */,
			);
			runOnlyForDeploymentPostprocessing = 0;
		};
		F783AB1221791E5C0010F034 /* Resources */ = {
			isa = PBXResourcesBuildPhase;
			buildActionMask = 2147483647;
			files = (
			);
			runOnlyForDeploymentPostprocessing = 0;
		};
		F783AB1D21791E5C0010F034 /* Resources */ = {
			isa = PBXResourcesBuildPhase;
			buildActionMask = 2147483647;
			files = (
			);
			runOnlyForDeploymentPostprocessing = 0;
		};
/* End PBXResourcesBuildPhase section */

/* Begin PBXSourcesBuildPhase section */
		F783AAFA21791E5A0010F034 /* Sources */ = {
			isa = PBXSourcesBuildPhase;
			buildActionMask = 2147483647;
			files = (
				4576E8B82188D84100471AB4 /* SignUpViewController.swift in Sources */,
				4576E8C421890A7C00471AB4 /* Post.swift in Sources */,
				4576E8BC2188EEAB00471AB4 /* JobsTableViewController.swift in Sources */,
				4576E8BE2188EEBD00471AB4 /* MyPostsTableViewController.swift in Sources */,
				4576E8B62188D57F00471AB4 /* LetUsKnowViewController.swift in Sources */,
				F783AB0621791E5B0010F034 /* AccountViewController.swift in Sources */,
				F783AB0221791E5B0010F034 /* AppDelegate.swift in Sources */,
				4576E8BA2188EE6500471AB4 /* HomeTableViewController.swift in Sources */,
				F783AB0421791E5B0010F034 /* PostAdViewController.swift in Sources */,
				4576E8C02188F22200471AB4 /* MyTabBarViewController.swift in Sources */,
				4576E8B42188CA0000471AB4 /* SignInViewController.swift in Sources */,
			);
			runOnlyForDeploymentPostprocessing = 0;
		};
		F783AB1021791E5C0010F034 /* Sources */ = {
			isa = PBXSourcesBuildPhase;
			buildActionMask = 2147483647;
			files = (
				F783AB1921791E5C0010F034 /* helprTests.swift in Sources */,
			);
			runOnlyForDeploymentPostprocessing = 0;
		};
		F783AB1B21791E5C0010F034 /* Sources */ = {
			isa = PBXSourcesBuildPhase;
			buildActionMask = 2147483647;
			files = (
				F783AB2421791E5C0010F034 /* helprUITests.swift in Sources */,
			);
			runOnlyForDeploymentPostprocessing = 0;
		};
/* End PBXSourcesBuildPhase section */

/* Begin PBXTargetDependency section */
		F783AB1621791E5C0010F034 /* PBXTargetDependency */ = {
			isa = PBXTargetDependency;
			target = F783AAFD21791E5A0010F034 /* helpr */;
			targetProxy = F783AB1521791E5C0010F034 /* PBXContainerItemProxy */;
		};
		F783AB2121791E5C0010F034 /* PBXTargetDependency */ = {
			isa = PBXTargetDependency;
			target = F783AAFD21791E5A0010F034 /* helpr */;
			targetProxy = F783AB2021791E5C0010F034 /* PBXContainerItemProxy */;
		};
/* End PBXTargetDependency section */

/* Begin PBXVariantGroup section */
		F783AB0721791E5B0010F034 /* Main.storyboard */ = {
			isa = PBXVariantGroup;
			children = (
				F783AB0821791E5B0010F034 /* Base */,
			);
			name = Main.storyboard;
			sourceTree = "<group>";
		};
		F783AB0C21791E5C0010F034 /* LaunchScreen.storyboard */ = {
			isa = PBXVariantGroup;
			children = (
				F783AB0D21791E5C0010F034 /* Base */,
			);
			name = LaunchScreen.storyboard;
			sourceTree = "<group>";
		};
/* End PBXVariantGroup section */

/* Begin XCBuildConfiguration section */
		F783AB2621791E5C0010F034 /* Debug */ = {
			isa = XCBuildConfiguration;
			buildSettings = {
				ALWAYS_SEARCH_USER_PATHS = NO;
				CLANG_ANALYZER_NONNULL = YES;
				CLANG_ANALYZER_NUMBER_OBJECT_CONVERSION = YES_AGGRESSIVE;
				CLANG_CXX_LANGUAGE_STANDARD = "gnu++14";
				CLANG_CXX_LIBRARY = "libc++";
				CLANG_ENABLE_MODULES = YES;
				CLANG_ENABLE_OBJC_ARC = YES;
				CLANG_ENABLE_OBJC_WEAK = YES;
				CLANG_WARN_BLOCK_CAPTURE_AUTORELEASING = YES;
				CLANG_WARN_BOOL_CONVERSION = YES;
				CLANG_WARN_COMMA = YES;
				CLANG_WARN_CONSTANT_CONVERSION = YES;
				CLANG_WARN_DEPRECATED_OBJC_IMPLEMENTATIONS = YES;
				CLANG_WARN_DIRECT_OBJC_ISA_USAGE = YES_ERROR;
				CLANG_WARN_DOCUMENTATION_COMMENTS = YES;
				CLANG_WARN_EMPTY_BODY = YES;
				CLANG_WARN_ENUM_CONVERSION = YES;
				CLANG_WARN_INFINITE_RECURSION = YES;
				CLANG_WARN_INT_CONVERSION = YES;
				CLANG_WARN_NON_LITERAL_NULL_CONVERSION = YES;
				CLANG_WARN_OBJC_IMPLICIT_RETAIN_SELF = YES;
				CLANG_WARN_OBJC_LITERAL_CONVERSION = YES;
				CLANG_WARN_OBJC_ROOT_CLASS = YES_ERROR;
				CLANG_WARN_RANGE_LOOP_ANALYSIS = YES;
				CLANG_WARN_STRICT_PROTOTYPES = YES;
				CLANG_WARN_SUSPICIOUS_MOVE = YES;
				CLANG_WARN_UNGUARDED_AVAILABILITY = YES_AGGRESSIVE;
				CLANG_WARN_UNREACHABLE_CODE = YES;
				CLANG_WARN__DUPLICATE_METHOD_MATCH = YES;
				CODE_SIGN_IDENTITY = "iPhone Developer";
				COPY_PHASE_STRIP = NO;
				DEBUG_INFORMATION_FORMAT = dwarf;
				ENABLE_STRICT_OBJC_MSGSEND = YES;
				ENABLE_TESTABILITY = YES;
				GCC_C_LANGUAGE_STANDARD = gnu11;
				GCC_DYNAMIC_NO_PIC = NO;
				GCC_NO_COMMON_BLOCKS = YES;
				GCC_OPTIMIZATION_LEVEL = 0;
				GCC_PREPROCESSOR_DEFINITIONS = (
					"DEBUG=1",
					"$(inherited)",
				);
				GCC_WARN_64_TO_32_BIT_CONVERSION = YES;
				GCC_WARN_ABOUT_RETURN_TYPE = YES_ERROR;
				GCC_WARN_UNDECLARED_SELECTOR = YES;
				GCC_WARN_UNINITIALIZED_AUTOS = YES_AGGRESSIVE;
				GCC_WARN_UNUSED_FUNCTION = YES;
				GCC_WARN_UNUSED_VARIABLE = YES;
				IPHONEOS_DEPLOYMENT_TARGET = 12.0;
				MTL_ENABLE_DEBUG_INFO = INCLUDE_SOURCE;
				MTL_FAST_MATH = YES;
				ONLY_ACTIVE_ARCH = YES;
				SDKROOT = iphoneos;
				SWIFT_ACTIVE_COMPILATION_CONDITIONS = DEBUG;
				SWIFT_OPTIMIZATION_LEVEL = "-Onone";
			};
			name = Debug;
		};
		F783AB2721791E5C0010F034 /* Release */ = {
			isa = XCBuildConfiguration;
			buildSettings = {
				ALWAYS_SEARCH_USER_PATHS = NO;
				CLANG_ANALYZER_NONNULL = YES;
				CLANG_ANALYZER_NUMBER_OBJECT_CONVERSION = YES_AGGRESSIVE;
				CLANG_CXX_LANGUAGE_STANDARD = "gnu++14";
				CLANG_CXX_LIBRARY = "libc++";
				CLANG_ENABLE_MODULES = YES;
				CLANG_ENABLE_OBJC_ARC = YES;
				CLANG_ENABLE_OBJC_WEAK = YES;
				CLANG_WARN_BLOCK_CAPTURE_AUTORELEASING = YES;
				CLANG_WARN_BOOL_CONVERSION = YES;
				CLANG_WARN_COMMA = YES;
				CLANG_WARN_CONSTANT_CONVERSION = YES;
				CLANG_WARN_DEPRECATED_OBJC_IMPLEMENTATIONS = YES;
				CLANG_WARN_DIRECT_OBJC_ISA_USAGE = YES_ERROR;
				CLANG_WARN_DOCUMENTATION_COMMENTS = YES;
				CLANG_WARN_EMPTY_BODY = YES;
				CLANG_WARN_ENUM_CONVERSION = YES;
				CLANG_WARN_INFINITE_RECURSION = YES;
				CLANG_WARN_INT_CONVERSION = YES;
				CLANG_WARN_NON_LITERAL_NULL_CONVERSION = YES;
				CLANG_WARN_OBJC_IMPLICIT_RETAIN_SELF = YES;
				CLANG_WARN_OBJC_LITERAL_CONVERSION = YES;
				CLANG_WARN_OBJC_ROOT_CLASS = YES_ERROR;
				CLANG_WARN_RANGE_LOOP_ANALYSIS = YES;
				CLANG_WARN_STRICT_PROTOTYPES = YES;
				CLANG_WARN_SUSPICIOUS_MOVE = YES;
				CLANG_WARN_UNGUARDED_AVAILABILITY = YES_AGGRESSIVE;
				CLANG_WARN_UNREACHABLE_CODE = YES;
				CLANG_WARN__DUPLICATE_METHOD_MATCH = YES;
				CODE_SIGN_IDENTITY = "iPhone Developer";
				COPY_PHASE_STRIP = NO;
				DEBUG_INFORMATION_FORMAT = "dwarf-with-dsym";
				ENABLE_NS_ASSERTIONS = NO;
				ENABLE_STRICT_OBJC_MSGSEND = YES;
				GCC_C_LANGUAGE_STANDARD = gnu11;
				GCC_NO_COMMON_BLOCKS = YES;
				GCC_WARN_64_TO_32_BIT_CONVERSION = YES;
				GCC_WARN_ABOUT_RETURN_TYPE = YES_ERROR;
				GCC_WARN_UNDECLARED_SELECTOR = YES;
				GCC_WARN_UNINITIALIZED_AUTOS = YES_AGGRESSIVE;
				GCC_WARN_UNUSED_FUNCTION = YES;
				GCC_WARN_UNUSED_VARIABLE = YES;
				IPHONEOS_DEPLOYMENT_TARGET = 12.0;
				MTL_ENABLE_DEBUG_INFO = NO;
				MTL_FAST_MATH = YES;
				SDKROOT = iphoneos;
				SWIFT_COMPILATION_MODE = wholemodule;
				SWIFT_OPTIMIZATION_LEVEL = "-O";
				VALIDATE_PRODUCT = YES;
			};
			name = Release;
		};
		F783AB2921791E5C0010F034 /* Debug */ = {
			isa = XCBuildConfiguration;
			buildSettings = {
				ASSETCATALOG_COMPILER_APPICON_NAME = AppIcon;
				CODE_SIGN_STYLE = Automatic;
				INFOPLIST_FILE = helpr/Info.plist;
				LD_RUNPATH_SEARCH_PATHS = (
					"$(inherited)",
					"@executable_path/Frameworks",
				);
				PRODUCT_BUNDLE_IDENTIFIER = ca.helpr;
				PRODUCT_NAME = "$(TARGET_NAME)";
				SWIFT_VERSION = 4.2;
				TARGETED_DEVICE_FAMILY = "1,2";
			};
			name = Debug;
		};
		F783AB2A21791E5C0010F034 /* Release */ = {
			isa = XCBuildConfiguration;
			buildSettings = {
				ASSETCATALOG_COMPILER_APPICON_NAME = AppIcon;
				CODE_SIGN_STYLE = Automatic;
				INFOPLIST_FILE = helpr/Info.plist;
				LD_RUNPATH_SEARCH_PATHS = (
					"$(inherited)",
					"@executable_path/Frameworks",
				);
				PRODUCT_BUNDLE_IDENTIFIER = ca.helpr;
				PRODUCT_NAME = "$(TARGET_NAME)";
				SWIFT_VERSION = 4.2;
				TARGETED_DEVICE_FAMILY = "1,2";
			};
			name = Release;
		};
		F783AB2C21791E5C0010F034 /* Debug */ = {
			isa = XCBuildConfiguration;
			buildSettings = {
				ALWAYS_EMBED_SWIFT_STANDARD_LIBRARIES = YES;
				BUNDLE_LOADER = "$(TEST_HOST)";
				CODE_SIGN_STYLE = Automatic;
				INFOPLIST_FILE = helprTests/Info.plist;
				LD_RUNPATH_SEARCH_PATHS = (
					"$(inherited)",
					"@executable_path/Frameworks",
					"@loader_path/Frameworks",
				);
				PRODUCT_BUNDLE_IDENTIFIER = ca.helprTests;
				PRODUCT_NAME = "$(TARGET_NAME)";
				SWIFT_VERSION = 4.2;
				TARGETED_DEVICE_FAMILY = "1,2";
				TEST_HOST = "$(BUILT_PRODUCTS_DIR)/helpr.app/helpr";
			};
			name = Debug;
		};
		F783AB2D21791E5C0010F034 /* Release */ = {
			isa = XCBuildConfiguration;
			buildSettings = {
				ALWAYS_EMBED_SWIFT_STANDARD_LIBRARIES = YES;
				BUNDLE_LOADER = "$(TEST_HOST)";
				CODE_SIGN_STYLE = Automatic;
				INFOPLIST_FILE = helprTests/Info.plist;
				LD_RUNPATH_SEARCH_PATHS = (
					"$(inherited)",
					"@executable_path/Frameworks",
					"@loader_path/Frameworks",
				);
				PRODUCT_BUNDLE_IDENTIFIER = ca.helprTests;
				PRODUCT_NAME = "$(TARGET_NAME)";
				SWIFT_VERSION = 4.2;
				TARGETED_DEVICE_FAMILY = "1,2";
				TEST_HOST = "$(BUILT_PRODUCTS_DIR)/helpr.app/helpr";
			};
			name = Release;
		};
		F783AB2F21791E5C0010F034 /* Debug */ = {
			isa = XCBuildConfiguration;
			buildSettings = {
				ALWAYS_EMBED_SWIFT_STANDARD_LIBRARIES = YES;
				CODE_SIGN_STYLE = Automatic;
				INFOPLIST_FILE = helprUITests/Info.plist;
				LD_RUNPATH_SEARCH_PATHS = (
					"$(inherited)",
					"@executable_path/Frameworks",
					"@loader_path/Frameworks",
				);
				PRODUCT_BUNDLE_IDENTIFIER = ca.helprUITests;
				PRODUCT_NAME = "$(TARGET_NAME)";
				SWIFT_VERSION = 4.2;
				TARGETED_DEVICE_FAMILY = "1,2";
				TEST_TARGET_NAME = helpr;
			};
			name = Debug;
		};
		F783AB3021791E5C0010F034 /* Release */ = {
			isa = XCBuildConfiguration;
			buildSettings = {
				ALWAYS_EMBED_SWIFT_STANDARD_LIBRARIES = YES;
				CODE_SIGN_STYLE = Automatic;
				INFOPLIST_FILE = helprUITests/Info.plist;
				LD_RUNPATH_SEARCH_PATHS = (
					"$(inherited)",
					"@executable_path/Frameworks",
					"@loader_path/Frameworks",
				);
				PRODUCT_BUNDLE_IDENTIFIER = ca.helprUITests;
				PRODUCT_NAME = "$(TARGET_NAME)";
				SWIFT_VERSION = 4.2;
				TARGETED_DEVICE_FAMILY = "1,2";
				TEST_TARGET_NAME = helpr;
			};
			name = Release;
		};
/* End XCBuildConfiguration section */

/* Begin XCConfigurationList section */
		F783AAF921791E5A0010F034 /* Build configuration list for PBXProject "helpr" */ = {
			isa = XCConfigurationList;
			buildConfigurations = (
				F783AB2621791E5C0010F034 /* Debug */,
				F783AB2721791E5C0010F034 /* Release */,
			);
			defaultConfigurationIsVisible = 0;
			defaultConfigurationName = Release;
		};
		F783AB2821791E5C0010F034 /* Build configuration list for PBXNativeTarget "helpr" */ = {
			isa = XCConfigurationList;
			buildConfigurations = (
				F783AB2921791E5C0010F034 /* Debug */,
				F783AB2A21791E5C0010F034 /* Release */,
			);
			defaultConfigurationIsVisible = 0;
			defaultConfigurationName = Release;
		};
		F783AB2B21791E5C0010F034 /* Build configuration list for PBXNativeTarget "helprTests" */ = {
			isa = XCConfigurationList;
			buildConfigurations = (
				F783AB2C21791E5C0010F034 /* Debug */,
				F783AB2D21791E5C0010F034 /* Release */,
			);
			defaultConfigurationIsVisible = 0;
			defaultConfigurationName = Release;
		};
		F783AB2E21791E5C0010F034 /* Build configuration list for PBXNativeTarget "helprUITests" */ = {
			isa = XCConfigurationList;
			buildConfigurations = (
				F783AB2F21791E5C0010F034 /* Debug */,
				F783AB3021791E5C0010F034 /* Release */,
			);
			defaultConfigurationIsVisible = 0;
			defaultConfigurationName = Release;
		};
/* End XCConfigurationList section */
	};
	rootObject = F783AAF621791E5A0010F034 /* Project object */;
}
